
Microsoft Visual Studio Solution File, Format Version 11.00
# Visual Studio 2010
Project("{FAE04EC0-301F-11D3-BF4B-00C04F79EFBC}") = "Hello_iPad", "Hello_iPad\Hello_iPad.csproj", "{DFB46561-CA62-429C-9B5D-60222FF6AB9C}"
EndProject
Global
	GlobalSection(SolutionConfigurationPlatforms) = preSolution
		Debug|iPhoneSimulator = Debug|iPhoneSimulator
		Release|iPhoneSimulator = Release|iPhoneSimulator
		Debug|iPhone = Debug|iPhone
		Release|iPhone = Release|iPhone
		Ad-Hoc|iPhone = Ad-Hoc|iPhone
		AppStore|iPhone = AppStore|iPhone
	EndGlobalSection
	GlobalSection(ProjectConfigurationPlatforms) = postSolution
		{DFB46561-CA62-429C-9B5D-60222FF6AB9C}.Ad-Hoc|iPhone.ActiveCfg = Ad-Hoc|iPhone
		{DFB46561-CA62-429C-9B5D-60222FF6AB9C}.Ad-Hoc|iPhone.Build.0 = Ad-Hoc|iPhone
		{DFB46561-CA62-429C-9B5D-60222FF6AB9C}.AppStore|iPhone.ActiveCfg = AppStore|iPhone
		{DFB46561-CA62-429C-9B5D-60222FF6AB9C}.AppStore|iPhone.Build.0 = AppStore|iPhone
		{DFB46561-CA62-429C-9B5D-60222FF6AB9C}.Debug|iPhone.ActiveCfg = Debug|iPhone
		{DFB46561-CA62-429C-9B5D-60222FF6AB9C}.Debug|iPhone.Build.0 = Debug|iPhone
		{DFB46561-CA62-429C-9B5D-60222FF6AB9C}.Debug|iPhoneSimulator.ActiveCfg = Debug|iPhoneSimulator
		{DFB46561-CA62-429C-9B5D-60222FF6AB9C}.Debug|iPhoneSimulator.Build.0 = Debug|iPhoneSimulator
		{DFB46561-CA62-429C-9B5D-60222FF6AB9C}.Release|iPhone.ActiveCfg = Release|iPhone
		{DFB46561-CA62-429C-9B5D-60222FF6AB9C}.Release|iPhone.Build.0 = Release|iPhone
		{DFB46561-CA62-429C-9B5D-60222FF6AB9C}.Release|iPhoneSimulator.ActiveCfg = Release|iPhoneSimulator
		{DFB46561-CA62-429C-9B5D-60222FF6AB9C}.Release|iPhoneSimulator.Build.0 = Release|iPhoneSimulator
	EndGlobalSection
	GlobalSection(MonoDevelopProperties) = preSolution
		StartupItem = Hello_iPad\Hello_iPad.csproj
	EndGlobalSection
EndGlobal
