
Microsoft Visual Studio Solution File, Format Version 12.00
# Visual Studio 2012
Project("{FAE04EC0-301F-11D3-BF4B-00C04F79EFBC}") = "AlpacaProject", "AlpacaProject\AlpacaProject.csproj", "{F8947DEA-8D4A-4364-8537-49D1C4EA3273}"
EndProject
Global
	GlobalSection(SolutionConfigurationPlatforms) = preSolution
		Debug|Any CPU = Debug|Any CPU
		Release|Any CPU = Release|Any CPU
	EndGlobalSection
	GlobalSection(ProjectConfigurationPlatforms) = postSolution
		{F8947DEA-8D4A-4364-8537-49D1C4EA3273}.Debug|Any CPU.ActiveCfg = Debug|Any CPU
		{F8947DEA-8D4A-4364-8537-49D1C4EA3273}.Debug|Any CPU.Build.0 = Debug|Any CPU
		{F8947DEA-8D4A-4364-8537-49D1C4EA3273}.Release|Any CPU.ActiveCfg = Release|Any CPU
		{F8947DEA-8D4A-4364-8537-49D1C4EA3273}.Release|Any CPU.Build.0 = Release|Any CPU
	EndGlobalSection
	GlobalSection(SolutionProperties) = preSolution
		HideSolutionNode = FALSE
	EndGlobalSection
EndGlobal
