
Microsoft Visual Studio Solution File, Format Version 11.00
# Visual Studio 2010
Project("{FAE04EC0-301F-11D3-BF4B-00C04F79EFBC}") = "ASP_Test", "ASP_Test\ASP_Test.csproj", "{24D58EEB-0AAD-4014-884C-ACD626DC88BD}"
EndProject
Global
	GlobalSection(SolutionConfigurationPlatforms) = preSolution
		Debug|Any CPU = Debug|Any CPU
		Release|Any CPU = Release|Any CPU
	EndGlobalSection
	GlobalSection(ProjectConfigurationPlatforms) = postSolution
		{24D58EEB-0AAD-4014-884C-ACD626DC88BD}.Debug|Any CPU.ActiveCfg = Debug|Any CPU
		{24D58EEB-0AAD-4014-884C-ACD626DC88BD}.Debug|Any CPU.Build.0 = Debug|Any CPU
		{24D58EEB-0AAD-4014-884C-ACD626DC88BD}.Release|Any CPU.ActiveCfg = Release|Any CPU
		{24D58EEB-0AAD-4014-884C-ACD626DC88BD}.Release|Any CPU.Build.0 = Release|Any CPU
	EndGlobalSection
	GlobalSection(MonoDevelopProperties) = preSolution
		StartupItem = ASP_Test\ASP_Test.csproj
	EndGlobalSection
EndGlobal
