
Microsoft Visual Studio Solution File, Format Version 12.00
# Visual Studio 2012
Project("{FAE04EC0-301F-11D3-BF4B-00C04F79EFBC}") = "OdeToFood", "OdeToFood\OdeToFood.csproj", "{E51B1693-3B1F-4096-86EE-018CE085BC29}"
EndProject
Project("{FAE04EC0-301F-11D3-BF4B-00C04F79EFBC}") = "OdeToFood.Tests", "OdeToFood.Tests\OdeToFood.Tests.csproj", "{35917DAB-D525-4E25-AAAB-39A5DF618994}"
EndProject
Global
	GlobalSection(SolutionConfigurationPlatforms) = preSolution
		Debug|Any CPU = Debug|Any CPU
		Release|Any CPU = Release|Any CPU
	EndGlobalSection
	GlobalSection(ProjectConfigurationPlatforms) = postSolution
		{E51B1693-3B1F-4096-86EE-018CE085BC29}.Debug|Any CPU.ActiveCfg = Debug|Any CPU
		{E51B1693-3B1F-4096-86EE-018CE085BC29}.Debug|Any CPU.Build.0 = Debug|Any CPU
		{E51B1693-3B1F-4096-86EE-018CE085BC29}.Release|Any CPU.ActiveCfg = Release|Any CPU
		{E51B1693-3B1F-4096-86EE-018CE085BC29}.Release|Any CPU.Build.0 = Release|Any CPU
		{35917DAB-D525-4E25-AAAB-39A5DF618994}.Debug|Any CPU.ActiveCfg = Debug|Any CPU
		{35917DAB-D525-4E25-AAAB-39A5DF618994}.Debug|Any CPU.Build.0 = Debug|Any CPU
		{35917DAB-D525-4E25-AAAB-39A5DF618994}.Release|Any CPU.ActiveCfg = Release|Any CPU
		{35917DAB-D525-4E25-AAAB-39A5DF618994}.Release|Any CPU.Build.0 = Release|Any CPU
	EndGlobalSection
	GlobalSection(SolutionProperties) = preSolution
		HideSolutionNode = FALSE
	EndGlobalSection
EndGlobal
