
Microsoft Visual Studio Solution File, Format Version 11.00
# Visual Studio 2010
Project("{FAE04EC0-301F-11D3-BF4B-00C04F79EFBC}") = "Hello_World_iPhone", "Hello_World_iPhone\Hello_World_iPhone.csproj", "{9D18AC94-DE19-4ED0-892E-BB8B5DDA0472}"
EndProject
Global
	GlobalSection(SolutionConfigurationPlatforms) = preSolution
		Debug|iPhoneSimulator = Debug|iPhoneSimulator
		Release|iPhoneSimulator = Release|iPhoneSimulator
		Debug|iPhone = Debug|iPhone
		Release|iPhone = Release|iPhone
		Ad-Hoc|iPhone = Ad-Hoc|iPhone
		AppStore|iPhone = AppStore|iPhone
	EndGlobalSection
	GlobalSection(ProjectConfigurationPlatforms) = postSolution
		{9D18AC94-DE19-4ED0-892E-BB8B5DDA0472}.Ad-Hoc|iPhone.ActiveCfg = Ad-Hoc|iPhone
		{9D18AC94-DE19-4ED0-892E-BB8B5DDA0472}.Ad-Hoc|iPhone.Build.0 = Ad-Hoc|iPhone
		{9D18AC94-DE19-4ED0-892E-BB8B5DDA0472}.AppStore|iPhone.ActiveCfg = AppStore|iPhone
		{9D18AC94-DE19-4ED0-892E-BB8B5DDA0472}.AppStore|iPhone.Build.0 = AppStore|iPhone
		{9D18AC94-DE19-4ED0-892E-BB8B5DDA0472}.Debug|iPhone.ActiveCfg = Debug|iPhone
		{9D18AC94-DE19-4ED0-892E-BB8B5DDA0472}.Debug|iPhone.Build.0 = Debug|iPhone
		{9D18AC94-DE19-4ED0-892E-BB8B5DDA0472}.Debug|iPhoneSimulator.ActiveCfg = Debug|iPhoneSimulator
		{9D18AC94-DE19-4ED0-892E-BB8B5DDA0472}.Debug|iPhoneSimulator.Build.0 = Debug|iPhoneSimulator
		{9D18AC94-DE19-4ED0-892E-BB8B5DDA0472}.Release|iPhone.ActiveCfg = Release|iPhone
		{9D18AC94-DE19-4ED0-892E-BB8B5DDA0472}.Release|iPhone.Build.0 = Release|iPhone
		{9D18AC94-DE19-4ED0-892E-BB8B5DDA0472}.Release|iPhoneSimulator.ActiveCfg = Release|iPhoneSimulator
		{9D18AC94-DE19-4ED0-892E-BB8B5DDA0472}.Release|iPhoneSimulator.Build.0 = Release|iPhoneSimulator
	EndGlobalSection
	GlobalSection(MonoDevelopProperties) = preSolution
		StartupItem = Hello_World_iPhone\Hello_World_iPhone.csproj
	EndGlobalSection
EndGlobal
